// !$*UTF8*$!
{
	archiveVersion = 1;
	classes = {
	};
	objectVersion = 50;
	objects = {

/* Begin PBXBuildFile section */
		A05C20B820A2C28F00844D51 /* AppDelegate.swift in Sources */ = {isa = PBXBuildFile; fileRef = A05C20B720A2C28F00844D51 /* AppDelegate.swift */; };
		A05C20BA20A2C28F00844D51 /* ViewController.swift in Sources */ = {isa = PBXBuildFile; fileRef = A05C20B920A2C28F00844D51 /* ViewController.swift */; };
		A05C20BD20A2C28F00844D51 /* Main.storyboard in Resources */ = {isa = PBXBuildFile; fileRef = A05C20BB20A2C28F00844D51 /* Main.storyboard */; };
		A05C20BF20A2C29100844D51 /* Assets.xcassets in Resources */ = {isa = PBXBuildFile; fileRef = A05C20BE20A2C29100844D51 /* Assets.xcassets */; };
		A05C20C220A2C29100844D51 /* LaunchScreen.storyboard in Resources */ = {isa = PBXBuildFile; fileRef = A05C20C020A2C29100844D51 /* LaunchScreen.storyboard */; };
		A05C20CD20A2C29100844D51 /* MadLibsTests.swift in Sources */ = {isa = PBXBuildFile; fileRef = A05C20CC20A2C29100844D51 /* MadLibsTests.swift */; };
		A05C20D820A2C29100844D51 /* MadLibsUITests.swift in Sources */ = {isa = PBXBuildFile; fileRef = A05C20D720A2C29100844D51 /* MadLibsUITests.swift */; };
		A05C20E620A2C48300844D51 /* OutputViewController.swift in Sources */ = {isa = PBXBuildFile; fileRef = A05C20E520A2C48300844D51 /* OutputViewController.swift */; };
/* End PBXBuildFile section */

/* Begin PBXContainerItemProxy section */
		A05C20C920A2C29100844D51 /* PBXContainerItemProxy */ = {
			isa = PBXContainerItemProxy;
			containerPortal = A05C20AC20A2C28F00844D51 /* Project object */;
			proxyType = 1;
			remoteGlobalIDString = A05C20B320A2C28F00844D51;
			remoteInfo = MadLibs;
		};
		A05C20D420A2C29100844D51 /* PBXContainerItemProxy */ = {
			isa = PBXContainerItemProxy;
			containerPortal = A05C20AC20A2C28F00844D51 /* Project object */;
			proxyType = 1;
			remoteGlobalIDString = A05C20B320A2C28F00844D51;
			remoteInfo = MadLibs;
		};
/* End PBXContainerItemProxy section */

/* Begin PBXFileReference section */
		A05C20B420A2C28F00844D51 /* MadLibs.app */ = {isa = PBXFileReference; explicitFileType = wrapper.application; includeInIndex = 0; path = MadLibs.app; sourceTree = BUILT_PRODUCTS_DIR; };
		A05C20B720A2C28F00844D51 /* AppDelegate.swift */ = {isa = PBXFileReference; lastKnownFileType = sourcecode.swift; path = AppDelegate.swift; sourceTree = "<group>"; };
		A05C20B920A2C28F00844D51 /* ViewController.swift */ = {isa = PBXFileReference; lastKnownFileType = sourcecode.swift; path = ViewController.swift; sourceTree = "<group>"; };
		A05C20BC20A2C28F00844D51 /* Base */ = {isa = PBXFileReference; lastKnownFileType = file.storyboard; name = Base; path = Base.lproj/Main.storyboard; sourceTree = "<group>"; };
		A05C20BE20A2C29100844D51 /* Assets.xcassets */ = {isa = PBXFileReference; lastKnownFileType = folder.assetcatalog; path = Assets.xcassets; sourceTree = "<group>"; };
		A05C20C120A2C29100844D51 /* Base */ = {isa = PBXFileReference; lastKnownFileType = file.storyboard; name = Base; path = Base.lproj/LaunchScreen.storyboard; sourceTree = "<group>"; };
		A05C20C320A2C29100844D51 /* Info.plist */ = {isa = PBXFileReference; lastKnownFileType = text.plist.xml; path = Info.plist; sourceTree = "<group>"; };
		A05C20C820A2C29100844D51 /* MadLibsTests.xctest */ = {isa = PBXFileReference; explicitFileType = wrapper.cfbundle; includeInIndex = 0; path = MadLibsTests.xctest; sourceTree = BUILT_PRODUCTS_DIR; };
		A05C20CC20A2C29100844D51 /* MadLibsTests.swift */ = {isa = PBXFileReference; lastKnownFileType = sourcecode.swift; path = MadLibsTests.swift; sourceTree = "<group>"; };
		A05C20CE20A2C29100844D51 /* Info.plist */ = {isa = PBXFileReference; lastKnownFileType = text.plist.xml; path = Info.plist; sourceTree = "<group>"; };
		A05C20D320A2C29100844D51 /* MadLibsUITests.xctest */ = {isa = PBXFileReference; explicitFileType = wrapper.cfbundle; includeInIndex = 0; path = MadLibsUITests.xctest; sourceTree = BUILT_PRODUCTS_DIR; };
		A05C20D720A2C29100844D51 /* MadLibsUITests.swift */ = {isa = PBXFileReference; lastKnownFileType = sourcecode.swift; path = MadLibsUITests.swift; sourceTree = "<group>"; };
		A05C20D920A2C29100844D51 /* Info.plist */ = {isa = PBXFileReference; lastKnownFileType = text.plist.xml; path = Info.plist; sourceTree = "<group>"; };
		A05C20E520A2C48300844D51 /* OutputViewController.swift */ = {isa = PBXFileReference; lastKnownFileType = sourcecode.swift; path = OutputViewController.swift; sourceTree = "<group>"; };
/* End PBXFileReference section */

/* Begin PBXFrameworksBuildPhase section */
		A05C20B120A2C28F00844D51 /* Frameworks */ = {
			isa = PBXFrameworksBuildPhase;
			buildActionMask = 2147483647;
			files = (
			);
			runOnlyForDeploymentPostprocessing = 0;
		};
		A05C20C520A2C29100844D51 /* Frameworks */ = {
			isa = PBXFrameworksBuildPhase;
			buildActionMask = 2147483647;
			files = (
			);
			runOnlyForDeploymentPostprocessing = 0;
		};
		A05C20D020A2C29100844D51 /* Frameworks */ = {
			isa = PBXFrameworksBuildPhase;
			buildActionMask = 2147483647;
			files = (
			);
			runOnlyForDeploymentPostprocessing = 0;
		};
/* End PBXFrameworksBuildPhase section */

/* Begin PBXGroup section */
		A05C20AB20A2C28F00844D51 = {
			isa = PBXGroup;
			children = (
				A05C20B620A2C28F00844D51 /* MadLibs */,
				A05C20CB20A2C29100844D51 /* MadLibsTests */,
				A05C20D620A2C29100844D51 /* MadLibsUITests */,
				A05C20B520A2C28F00844D51 /* Products */,
			);
			sourceTree = "<group>";
		};
		A05C20B520A2C28F00844D51 /* Products */ = {
			isa = PBXGroup;
			children = (
				A05C20B420A2C28F00844D51 /* MadLibs.app */,
				A05C20C820A2C29100844D51 /* MadLibsTests.xctest */,
				A05C20D320A2C29100844D51 /* MadLibsUITests.xctest */,
			);
			name = Products;
			sourceTree = "<group>";
		};
		A05C20B620A2C28F00844D51 /* MadLibs */ = {
			isa = PBXGroup;
			children = (
				A05C20B720A2C28F00844D51 /* AppDelegate.swift */,
				A05C20B920A2C28F00844D51 /* ViewController.swift */,
				A05C20BB20A2C28F00844D51 /* Main.storyboard */,
				A05C20E520A2C48300844D51 /* OutputViewController.swift */,
				A05C20BE20A2C29100844D51 /* Assets.xcassets */,
				A05C20C020A2C29100844D51 /* LaunchScreen.storyboard */,
				A05C20C320A2C29100844D51 /* Info.plist */,
			);
			path = MadLibs;
			sourceTree = "<group>";
		};
		A05C20CB20A2C29100844D51 /* MadLibsTests */ = {
			isa = PBXGroup;
			children = (
				A05C20CC20A2C29100844D51 /* MadLibsTests.swift */,
				A05C20CE20A2C29100844D51 /* Info.plist */,
			);
			path = MadLibsTests;
			sourceTree = "<group>";
		};
		A05C20D620A2C29100844D51 /* MadLibsUITests */ = {
			isa = PBXGroup;
			children = (
				A05C20D720A2C29100844D51 /* MadLibsUITests.swift */,
				A05C20D920A2C29100844D51 /* Info.plist */,
			);
			path = MadLibsUITests;
			sourceTree = "<group>";
		};
/* End PBXGroup section */

/* Begin PBXNativeTarget section */
		A05C20B320A2C28F00844D51 /* MadLibs */ = {
			isa = PBXNativeTarget;
			buildConfigurationList = A05C20DC20A2C29100844D51 /* Build configuration list for PBXNativeTarget "MadLibs" */;
			buildPhases = (
				A05C20B020A2C28F00844D51 /* Sources */,
				A05C20B120A2C28F00844D51 /* Frameworks */,
				A05C20B220A2C28F00844D51 /* Resources */,
			);
			buildRules = (
			);
			dependencies = (
			);
			name = MadLibs;
			productName = MadLibs;
			productReference = A05C20B420A2C28F00844D51 /* MadLibs.app */;
			productType = "com.apple.product-type.application";
		};
		A05C20C720A2C29100844D51 /* MadLibsTests */ = {
			isa = PBXNativeTarget;
			buildConfigurationList = A05C20DF20A2C29100844D51 /* Build configuration list for PBXNativeTarget "MadLibsTests" */;
			buildPhases = (
				A05C20C420A2C29100844D51 /* Sources */,
				A05C20C520A2C29100844D51 /* Frameworks */,
				A05C20C620A2C29100844D51 /* Resources */,
			);
			buildRules = (
			);
			dependencies = (
				A05C20CA20A2C29100844D51 /* PBXTargetDependency */,
			);
			name = MadLibsTests;
			productName = MadLibsTests;
			productReference = A05C20C820A2C29100844D51 /* MadLibsTests.xctest */;
			productType = "com.apple.product-type.bundle.unit-test";
		};
		A05C20D220A2C29100844D51 /* MadLibsUITests */ = {
			isa = PBXNativeTarget;
			buildConfigurationList = A05C20E220A2C29100844D51 /* Build configuration list for PBXNativeTarget "MadLibsUITests" */;
			buildPhases = (
				A05C20CF20A2C29100844D51 /* Sources */,
				A05C20D020A2C29100844D51 /* Frameworks */,
				A05C20D120A2C29100844D51 /* Resources */,
			);
			buildRules = (
			);
			dependencies = (
				A05C20D520A2C29100844D51 /* PBXTargetDependency */,
			);
			name = MadLibsUITests;
			productName = MadLibsUITests;
			productReference = A05C20D320A2C29100844D51 /* MadLibsUITests.xctest */;
			productType = "com.apple.product-type.bundle.ui-testing";
		};
/* End PBXNativeTarget section */

/* Begin PBXProject section */
		A05C20AC20A2C28F00844D51 /* Project object */ = {
			isa = PBXProject;
			attributes = {
				LastSwiftUpdateCheck = 0930;
				LastUpgradeCheck = 0930;
				ORGANIZATIONNAME = Alphie;
				TargetAttributes = {
					A05C20B320A2C28F00844D51 = {
						CreatedOnToolsVersion = 9.3;
					};
					A05C20C720A2C29100844D51 = {
						CreatedOnToolsVersion = 9.3;
						TestTargetID = A05C20B320A2C28F00844D51;
					};
					A05C20D220A2C29100844D51 = {
						CreatedOnToolsVersion = 9.3;
						TestTargetID = A05C20B320A2C28F00844D51;
					};
				};
			};
			buildConfigurationList = A05C20AF20A2C28F00844D51 /* Build configuration list for PBXProject "MadLibs" */;
			compatibilityVersion = "Xcode 9.3";
			developmentRegion = en;
			hasScannedForEncodings = 0;
			knownRegions = (
				en,
				Base,
			);
			mainGroup = A05C20AB20A2C28F00844D51;
			productRefGroup = A05C20B520A2C28F00844D51 /* Products */;
			projectDirPath = "";
			projectRoot = "";
			targets = (
				A05C20B320A2C28F00844D51 /* MadLibs */,
				A05C20C720A2C29100844D51 /* MadLibsTests */,
				A05C20D220A2C29100844D51 /* MadLibsUITests */,
			);
		};
/* End PBXProject section */

/* Begin PBXResourcesBuildPhase section */
		A05C20B220A2C28F00844D51 /* Resources */ = {
			isa = PBXResourcesBuildPhase;
			buildActionMask = 2147483647;
			files = (
				A05C20C220A2C29100844D51 /* LaunchScreen.storyboard in Resources */,
				A05C20BF20A2C29100844D51 /* Assets.xcassets in Resources */,
				A05C20BD20A2C28F00844D51 /* Main.storyboard in Resources */,
			);
			runOnlyForDeploymentPostprocessing = 0;
		};
		A05C20C620A2C29100844D51 /* Resources */ = {
			isa = PBXResourcesBuildPhase;
			buildActionMask = 2147483647;
			files = (
			);
			runOnlyForDeploymentPostprocessing = 0;
		};
		A05C20D120A2C29100844D51 /* Resources */ = {
			isa = PBXResourcesBuildPhase;
			buildActionMask = 2147483647;
			files = (
			);
			runOnlyForDeploymentPostprocessing = 0;
		};
/* End PBXResourcesBuildPhase section */

/* Begin PBXSourcesBuildPhase section */
		A05C20B020A2C28F00844D51 /* Sources */ = {
			isa = PBXSourcesBuildPhase;
			buildActionMask = 2147483647;
			files = (
				A05C20BA20A2C28F00844D51 /* ViewController.swift in Sources */,
				A05C20E620A2C48300844D51 /* OutputViewController.swift in Sources */,
				A05C20B820A2C28F00844D51 /* AppDelegate.swift in Sources */,
			);
			runOnlyForDeploymentPostprocessing = 0;
		};
		A05C20C420A2C29100844D51 /* Sources */ = {
			isa = PBXSourcesBuildPhase;
			buildActionMask = 2147483647;
			files = (
				A05C20CD20A2C29100844D51 /* MadLibsTests.swift in Sources */,
			);
			runOnlyForDeploymentPostprocessing = 0;
		};
		A05C20CF20A2C29100844D51 /* Sources */ = {
			isa = PBXSourcesBuildPhase;
			buildActionMask = 2147483647;
			files = (
				A05C20D820A2C29100844D51 /* MadLibsUITests.swift in Sources */,
			);
			runOnlyForDeploymentPostprocessing = 0;
		};
/* End PBXSourcesBuildPhase section */

/* Begin PBXTargetDependency section */
		A05C20CA20A2C29100844D51 /* PBXTargetDependency */ = {
			isa = PBXTargetDependency;
			target = A05C20B320A2C28F00844D51 /* MadLibs */;
			targetProxy = A05C20C920A2C29100844D51 /* PBXContainerItemProxy */;
		};
		A05C20D520A2C29100844D51 /* PBXTargetDependency */ = {
			isa = PBXTargetDependency;
			target = A05C20B320A2C28F00844D51 /* MadLibs */;
			targetProxy = A05C20D420A2C29100844D51 /* PBXContainerItemProxy */;
		};
/* End PBXTargetDependency section */

/* Begin PBXVariantGroup section */
		A05C20BB20A2C28F00844D51 /* Main.storyboard */ = {
			isa = PBXVariantGroup;
			children = (
				A05C20BC20A2C28F00844D51 /* Base */,
			);
			name = Main.storyboard;
			sourceTree = "<group>";
		};
		A05C20C020A2C29100844D51 /* LaunchScreen.storyboard */ = {
			isa = PBXVariantGroup;
			children = (
				A05C20C120A2C29100844D51 /* Base */,
			);
			name = LaunchScreen.storyboard;
			sourceTree = "<group>";
		};
/* End PBXVariantGroup section */

/* Begin XCBuildConfiguration section */
		A05C20DA20A2C29100844D51 /* Debug */ = {
			isa = XCBuildConfiguration;
			buildSettings = {
				ALWAYS_SEARCH_USER_PATHS = NO;
				CLANG_ANALYZER_NONNULL = YES;
				CLANG_ANALYZER_NUMBER_OBJECT_CONVERSION = YES_AGGRESSIVE;
				CLANG_CXX_LANGUAGE_STANDARD = "gnu++14";
				CLANG_CXX_LIBRARY = "libc++";
				CLANG_ENABLE_MODULES = YES;
				CLANG_ENABLE_OBJC_ARC = YES;
				CLANG_ENABLE_OBJC_WEAK = YES;
				CLANG_WARN_BLOCK_CAPTURE_AUTORELEASING = YES;
				CLANG_WARN_BOOL_CONVERSION = YES;
				CLANG_WARN_COMMA = YES;
				CLANG_WARN_CONSTANT_CONVERSION = YES;
				CLANG_WARN_DEPRECATED_OBJC_IMPLEMENTATIONS = YES;
				CLANG_WARN_DIRECT_OBJC_ISA_USAGE = YES_ERROR;
				CLANG_WARN_DOCUMENTATION_COMMENTS = YES;
				CLANG_WARN_EMPTY_BODY = YES;
				CLANG_WARN_ENUM_CONVERSION = YES;
				CLANG_WARN_INFINITE_RECURSION = YES;
				CLANG_WARN_INT_CONVERSION = YES;
				CLANG_WARN_NON_LITERAL_NULL_CONVERSION = YES;
				CLANG_WARN_OBJC_IMPLICIT_RETAIN_SELF = YES;
				CLANG_WARN_OBJC_LITERAL_CONVERSION = YES;
				CLANG_WARN_OBJC_ROOT_CLASS = YES_ERROR;
				CLANG_WARN_RANGE_LOOP_ANALYSIS = YES;
				CLANG_WARN_STRICT_PROTOTYPES = YES;
				CLANG_WARN_SUSPICIOUS_MOVE = YES;
				CLANG_WARN_UNGUARDED_AVAILABILITY = YES_AGGRESSIVE;
				CLANG_WARN_UNREACHABLE_CODE = YES;
				CLANG_WARN__DUPLICATE_METHOD_MATCH = YES;
				CODE_SIGN_IDENTITY = "iPhone Developer";
				COPY_PHASE_STRIP = NO;
				DEBUG_INFORMATION_FORMAT = dwarf;
				ENABLE_STRICT_OBJC_MSGSEND = YES;
				ENABLE_TESTABILITY = YES;
				GCC_C_LANGUAGE_STANDARD = gnu11;
				GCC_DYNAMIC_NO_PIC = NO;
				GCC_NO_COMMON_BLOCKS = YES;
				GCC_OPTIMIZATION_LEVEL = 0;
				GCC_PREPROCESSOR_DEFINITIONS = (
					"DEBUG=1",
					"$(inherited)",
				);
				GCC_WARN_64_TO_32_BIT_CONVERSION = YES;
				GCC_WARN_ABOUT_RETURN_TYPE = YES_ERROR;
				GCC_WARN_UNDECLARED_SELECTOR = YES;
				GCC_WARN_UNINITIALIZED_AUTOS = YES_AGGRESSIVE;
				GCC_WARN_UNUSED_FUNCTION = YES;
				GCC_WARN_UNUSED_VARIABLE = YES;
				IPHONEOS_DEPLOYMENT_TARGET = 11.3;
				MTL_ENABLE_DEBUG_INFO = YES;
				ONLY_ACTIVE_ARCH = YES;
				SDKROOT = iphoneos;
				SWIFT_ACTIVE_COMPILATION_CONDITIONS = DEBUG;
				SWIFT_OPTIMIZATION_LEVEL = "-Onone";
			};
			name = Debug;
		};
		A05C20DB20A2C29100844D51 /* Release */ = {
			isa = XCBuildConfiguration;
			buildSettings = {
				ALWAYS_SEARCH_USER_PATHS = NO;
				CLANG_ANALYZER_NONNULL = YES;
				CLANG_ANALYZER_NUMBER_OBJECT_CONVERSION = YES_AGGRESSIVE;
				CLANG_CXX_LANGUAGE_STANDARD = "gnu++14";
				CLANG_CXX_LIBRARY = "libc++";
				CLANG_ENABLE_MODULES = YES;
				CLANG_ENABLE_OBJC_ARC = YES;
				CLANG_ENABLE_OBJC_WEAK = YES;
				CLANG_WARN_BLOCK_CAPTURE_AUTORELEASING = YES;
				CLANG_WARN_BOOL_CONVERSION = YES;
				CLANG_WARN_COMMA = YES;
				CLANG_WARN_CONSTANT_CONVERSION = YES;
				CLANG_WARN_DEPRECATED_OBJC_IMPLEMENTATIONS = YES;
				CLANG_WARN_DIRECT_OBJC_ISA_USAGE = YES_ERROR;
				CLANG_WARN_DOCUMENTATION_COMMENTS = YES;
				CLANG_WARN_EMPTY_BODY = YES;
				CLANG_WARN_ENUM_CONVERSION = YES;
				CLANG_WARN_INFINITE_RECURSION = YES;
				CLANG_WARN_INT_CONVERSION = YES;
				CLANG_WARN_NON_LITERAL_NULL_CONVERSION = YES;
				CLANG_WARN_OBJC_IMPLICIT_RETAIN_SELF = YES;
				CLANG_WARN_OBJC_LITERAL_CONVERSION = YES;
				CLANG_WARN_OBJC_ROOT_CLASS = YES_ERROR;
				CLANG_WARN_RANGE_LOOP_ANALYSIS = YES;
				CLANG_WARN_STRICT_PROTOTYPES = YES;
				CLANG_WARN_SUSPICIOUS_MOVE = YES;
				CLANG_WARN_UNGUARDED_AVAILABILITY = YES_AGGRESSIVE;
				CLANG_WARN_UNREACHABLE_CODE = YES;
				CLANG_WARN__DUPLICATE_METHOD_MATCH = YES;
				CODE_SIGN_IDENTITY = "iPhone Developer";
				COPY_PHASE_STRIP = NO;
				DEBUG_INFORMATION_FORMAT = "dwarf-with-dsym";
				ENABLE_NS_ASSERTIONS = NO;
				ENABLE_STRICT_OBJC_MSGSEND = YES;
				GCC_C_LANGUAGE_STANDARD = gnu11;
				GCC_NO_COMMON_BLOCKS = YES;
				GCC_WARN_64_TO_32_BIT_CONVERSION = YES;
				GCC_WARN_ABOUT_RETURN_TYPE = YES_ERROR;
				GCC_WARN_UNDECLARED_SELECTOR = YES;
				GCC_WARN_UNINITIALIZED_AUTOS = YES_AGGRESSIVE;
				GCC_WARN_UNUSED_FUNCTION = YES;
				GCC_WARN_UNUSED_VARIABLE = YES;
				IPHONEOS_DEPLOYMENT_TARGET = 11.3;
				MTL_ENABLE_DEBUG_INFO = NO;
				SDKROOT = iphoneos;
				SWIFT_COMPILATION_MODE = wholemodule;
				SWIFT_OPTIMIZATION_LEVEL = "-O";
				VALIDATE_PRODUCT = YES;
			};
			name = Release;
		};
		A05C20DD20A2C29100844D51 /* Debug */ = {
			isa = XCBuildConfiguration;
			buildSettings = {
				ASSETCATALOG_COMPILER_APPICON_NAME = AppIcon;
				CODE_SIGN_STYLE = Automatic;
				DEVELOPMENT_TEAM = 6Q5XPKVQP8;
				INFOPLIST_FILE = MadLibs/Info.plist;
				LD_RUNPATH_SEARCH_PATHS = (
					"$(inherited)",
					"@executable_path/Frameworks",
				);
				PRODUCT_BUNDLE_IDENTIFIER = com.alanchen.MadLibs;
				PRODUCT_NAME = "$(TARGET_NAME)";
				SWIFT_VERSION = 4.0;
				TARGETED_DEVICE_FAMILY = "1,2";
			};
			name = Debug;
		};
		A05C20DE20A2C29100844D51 /* Release */ = {
			isa = XCBuildConfiguration;
			buildSettings = {
				ASSETCATALOG_COMPILER_APPICON_NAME = AppIcon;
				CODE_SIGN_STYLE = Automatic;
				DEVELOPMENT_TEAM = 6Q5XPKVQP8;
				INFOPLIST_FILE = MadLibs/Info.plist;
				LD_RUNPATH_SEARCH_PATHS = (
					"$(inherited)",
					"@executable_path/Frameworks",
				);
				PRODUCT_BUNDLE_IDENTIFIER = com.alanchen.MadLibs;
				PRODUCT_NAME = "$(TARGET_NAME)";
				SWIFT_VERSION = 4.0;
				TARGETED_DEVICE_FAMILY = "1,2";
			};
			name = Release;
		};
		A05C20E020A2C29100844D51 /* Debug */ = {
			isa = XCBuildConfiguration;
			buildSettings = {
				ALWAYS_EMBED_SWIFT_STANDARD_LIBRARIES = YES;
				BUNDLE_LOADER = "$(TEST_HOST)";
				CODE_SIGN_STYLE = Automatic;
				DEVELOPMENT_TEAM = 6Q5XPKVQP8;
				INFOPLIST_FILE = MadLibsTests/Info.plist;
				LD_RUNPATH_SEARCH_PATHS = (
					"$(inherited)",
					"@executable_path/Frameworks",
					"@loader_path/Frameworks",
				);
				PRODUCT_BUNDLE_IDENTIFIER = com.alanchen.MadLibsTests;
				PRODUCT_NAME = "$(TARGET_NAME)";
				SWIFT_VERSION = 4.0;
				TARGETED_DEVICE_FAMILY = "1,2";
				TEST_HOST = "$(BUILT_PRODUCTS_DIR)/MadLibs.app/MadLibs";
			};
			name = Debug;
		};
		A05C20E120A2C29100844D51 /* Release */ = {
			isa = XCBuildConfiguration;
			buildSettings = {
				ALWAYS_EMBED_SWIFT_STANDARD_LIBRARIES = YES;
				BUNDLE_LOADER = "$(TEST_HOST)";
				CODE_SIGN_STYLE = Automatic;
				DEVELOPMENT_TEAM = 6Q5XPKVQP8;
				INFOPLIST_FILE = MadLibsTests/Info.plist;
				LD_RUNPATH_SEARCH_PATHS = (
					"$(inherited)",
					"@executable_path/Frameworks",
					"@loader_path/Frameworks",
				);
				PRODUCT_BUNDLE_IDENTIFIER = com.alanchen.MadLibsTests;
				PRODUCT_NAME = "$(TARGET_NAME)";
				SWIFT_VERSION = 4.0;
				TARGETED_DEVICE_FAMILY = "1,2";
				TEST_HOST = "$(BUILT_PRODUCTS_DIR)/MadLibs.app/MadLibs";
			};
			name = Release;
		};
		A05C20E320A2C29100844D51 /* Debug */ = {
			isa = XCBuildConfiguration;
			buildSettings = {
				ALWAYS_EMBED_SWIFT_STANDARD_LIBRARIES = YES;
				CODE_SIGN_STYLE = Automatic;
				DEVELOPMENT_TEAM = 6Q5XPKVQP8;
				INFOPLIST_FILE = MadLibsUITests/Info.plist;
				LD_RUNPATH_SEARCH_PATHS = (
					"$(inherited)",
					"@executable_path/Frameworks",
					"@loader_path/Frameworks",
				);
				PRODUCT_BUNDLE_IDENTIFIER = com.alanchen.MadLibsUITests;
				PRODUCT_NAME = "$(TARGET_NAME)";
				SWIFT_VERSION = 4.0;
				TARGETED_DEVICE_FAMILY = "1,2";
				TEST_TARGET_NAME = MadLibs;
			};
			name = Debug;
		};
		A05C20E420A2C29100844D51 /* Release */ = {
			isa = XCBuildConfiguration;
			buildSettings = {
				ALWAYS_EMBED_SWIFT_STANDARD_LIBRARIES = YES;
				CODE_SIGN_STYLE = Automatic;
				DEVELOPMENT_TEAM = 6Q5XPKVQP8;
				INFOPLIST_FILE = MadLibsUITests/Info.plist;
				LD_RUNPATH_SEARCH_PATHS = (
					"$(inherited)",
					"@executable_path/Frameworks",
					"@loader_path/Frameworks",
				);
				PRODUCT_BUNDLE_IDENTIFIER = com.alanchen.MadLibsUITests;
				PRODUCT_NAME = "$(TARGET_NAME)";
				SWIFT_VERSION = 4.0;
				TARGETED_DEVICE_FAMILY = "1,2";
				TEST_TARGET_NAME = MadLibs;
			};
			name = Release;
		};
/* End XCBuildConfiguration section */

/* Begin XCConfigurationList section */
		A05C20AF20A2C28F00844D51 /* Build configuration list for PBXProject "MadLibs" */ = {
			isa = XCConfigurationList;
			buildConfigurations = (
				A05C20DA20A2C29100844D51 /* Debug */,
				A05C20DB20A2C29100844D51 /* Release */,
			);
			defaultConfigurationIsVisible = 0;
			defaultConfigurationName = Release;
		};
		A05C20DC20A2C29100844D51 /* Build configuration list for PBXNativeTarget "MadLibs" */ = {
			isa = XCConfigurationList;
			buildConfigurations = (
				A05C20DD20A2C29100844D51 /* Debug */,
				A05C20DE20A2C29100844D51 /* Release */,
			);
			defaultConfigurationIsVisible = 0;
			defaultConfigurationName = Release;
		};
		A05C20DF20A2C29100844D51 /* Build configuration list for PBXNativeTarget "MadLibsTests" */ = {
			isa = XCConfigurationList;
			buildConfigurations = (
				A05C20E020A2C29100844D51 /* Debug */,
				A05C20E120A2C29100844D51 /* Release */,
			);
			defaultConfigurationIsVisible = 0;
			defaultConfigurationName = Release;
		};
		A05C20E220A2C29100844D51 /* Build configuration list for PBXNativeTarget "MadLibsUITests" */ = {
			isa = XCConfigurationList;
			buildConfigurations = (
				A05C20E320A2C29100844D51 /* Debug */,
				A05C20E420A2C29100844D51 /* Release */,
			);
			defaultConfigurationIsVisible = 0;
			defaultConfigurationName = Release;
		};
/* End XCConfigurationList section */
	};
	rootObject = A05C20AC20A2C28F00844D51 /* Project object */;
}
